
Microsoft Visual Studio Solution File, Format Version 12.00
# Visual Studio 15
VisualStudioVersion = 15.0.27004.2009
MinimumVisualStudioVersion = 10.0.40219.1
Project("{FAE04EC0-301F-11D3-BF4B-00C04F79EFBC}") = "UKADGroupTestTask", "UKADGroupTestTask\UKADGroupTestTask.csproj", "{AEF3EDC4-1249-4106-97A5-DA28737F9BA0}"
EndProject
Global
	GlobalSection(SolutionConfigurationPlatforms) = preSolution
		Debug|Any CPU = Debug|Any CPU
		Release|Any CPU = Release|Any CPU
	EndGlobalSection
	GlobalSection(ProjectConfigurationPlatforms) = postSolution
		{AEF3EDC4-1249-4106-97A5-DA28737F9BA0}.Debug|Any CPU.ActiveCfg = Debug|Any CPU
		{AEF3EDC4-1249-4106-97A5-DA28737F9BA0}.Debug|Any CPU.Build.0 = Debug|Any CPU
		{AEF3EDC4-1249-4106-97A5-DA28737F9BA0}.Release|Any CPU.ActiveCfg = Release|Any CPU
		{AEF3EDC4-1249-4106-97A5-DA28737F9BA0}.Release|Any CPU.Build.0 = Release|Any CPU
	EndGlobalSection
	GlobalSection(SolutionProperties) = preSolution
		HideSolutionNode = FALSE
	EndGlobalSection
	GlobalSection(ExtensibilityGlobals) = postSolution
		SolutionGuid = {C32DD9A6-CD0B-4D62-AD4B-B9A35CD1A58C}
	EndGlobalSection
EndGlobal
